
Microsoft Visual Studio Solution File, Format Version 12.00
# Visual Studio Version 16
VisualStudioVersion = 16.0.33027.164
MinimumVisualStudioVersion = 10.0.40219.1
Project("{FAE04EC0-301F-11D3-BF4B-00C04F79EFBC}") = "InfoManager", "InfoManager\InfoManager.csproj", "{8FAAC7D8-5CA3-4654-B8AF-2E9081E1FEB5}"
EndProject
Global
	GlobalSection(SolutionConfigurationPlatforms) = preSolution
		Debug|Any CPU = Debug|Any CPU
		Release|Any CPU = Release|Any CPU
	EndGlobalSection
	GlobalSection(ProjectConfigurationPlatforms) = postSolution
		{8FAAC7D8-5CA3-4654-B8AF-2E9081E1FEB5}.Debug|Any CPU.ActiveCfg = Debug|Any CPU
		{8FAAC7D8-5CA3-4654-B8AF-2E9081E1FEB5}.Debug|Any CPU.Build.0 = Debug|Any CPU
		{8FAAC7D8-5CA3-4654-B8AF-2E9081E1FEB5}.Release|Any CPU.ActiveCfg = Release|Any CPU
		{8FAAC7D8-5CA3-4654-B8AF-2E9081E1FEB5}.Release|Any CPU.Build.0 = Release|Any CPU
	EndGlobalSection
	GlobalSection(SolutionProperties) = preSolution
		HideSolutionNode = FALSE
	EndGlobalSection
	GlobalSection(ExtensibilityGlobals) = postSolution
		SolutionGuid = {8FCD7759-88B6-4E66-A4D7-1FE7214E89D2}
	EndGlobalSection
EndGlobal
